
Microsoft Visual Studio Solution File, Format Version 12.00
# Visual Studio 15
VisualStudioVersion = 15.0.27130.2010
MinimumVisualStudioVersion = 10.0.40219.1
Project("{FAE04EC0-301F-11D3-BF4B-00C04F79EFBC}") = "SnakeProject", "SnakeProject\SnakeProject.csproj", "{F09CCD00-9E22-4ECA-9E97-0C7E6F07024A}"
EndProject
Global
	GlobalSection(SolutionConfigurationPlatforms) = preSolution
		Debug|Any CPU = Debug|Any CPU
		Release|Any CPU = Release|Any CPU
	EndGlobalSection
	GlobalSection(ProjectConfigurationPlatforms) = postSolution
		{F09CCD00-9E22-4ECA-9E97-0C7E6F07024A}.Debug|Any CPU.ActiveCfg = Debug|Any CPU
		{F09CCD00-9E22-4ECA-9E97-0C7E6F07024A}.Debug|Any CPU.Build.0 = Debug|Any CPU
		{F09CCD00-9E22-4ECA-9E97-0C7E6F07024A}.Release|Any CPU.ActiveCfg = Release|Any CPU
		{F09CCD00-9E22-4ECA-9E97-0C7E6F07024A}.Release|Any CPU.Build.0 = Release|Any CPU
	EndGlobalSection
	GlobalSection(SolutionProperties) = preSolution
		HideSolutionNode = FALSE
	EndGlobalSection
	GlobalSection(ExtensibilityGlobals) = postSolution
		SolutionGuid = {4A77FD8F-9B24-412D-9FBC-6F09E98EDD45}
	EndGlobalSection
EndGlobal
